
Microsoft Visual Studio Solution File, Format Version 12.00
# Visual Studio Version 16
VisualStudioVersion = 16.0.31729.503
MinimumVisualStudioVersion = 10.0.40219.1
Project("{FAE04EC0-301F-11D3-BF4B-00C04F79EFBC}") = "GeneratePassword", "GeneratePassword\GeneratePassword.csproj", "{FB21B57A-83A0-44F3-911A-BF6EA2E3DF2A}"
EndProject
Global
	GlobalSection(SolutionConfigurationPlatforms) = preSolution
		Debug|Any CPU = Debug|Any CPU
		Release|Any CPU = Release|Any CPU
	EndGlobalSection
	GlobalSection(ProjectConfigurationPlatforms) = postSolution
		{FB21B57A-83A0-44F3-911A-BF6EA2E3DF2A}.Debug|Any CPU.ActiveCfg = Debug|Any CPU
		{FB21B57A-83A0-44F3-911A-BF6EA2E3DF2A}.Debug|Any CPU.Build.0 = Debug|Any CPU
		{FB21B57A-83A0-44F3-911A-BF6EA2E3DF2A}.Release|Any CPU.ActiveCfg = Release|Any CPU
		{FB21B57A-83A0-44F3-911A-BF6EA2E3DF2A}.Release|Any CPU.Build.0 = Release|Any CPU
	EndGlobalSection
	GlobalSection(SolutionProperties) = preSolution
		HideSolutionNode = FALSE
	EndGlobalSection
	GlobalSection(ExtensibilityGlobals) = postSolution
		SolutionGuid = {06C79F35-E494-494B-9809-4AAEC5EAF3A9}
	EndGlobalSection
EndGlobal
